# THIS IS AN AUTOGENERATED FILE. DO NOT EDIT THIS FILE DIRECTLY.
# yarn lockfile v1


expo-document-picker@^14.0.7:
  version "14.0.7"
  resolved "https://registry.yarnpkg.com/expo-document-picker/-/expo-document-picker-14.0.7.tgz#d8c4d4874509e96f3e26fa66ad9ab2d2ae6706db"
  integrity sha512-81Jh8RDD0GYBUoSTmIBq30hXXjmkDV1ZY2BNIp1+3HR5PDSh2WmdhD/Ezz5YFsv46hIXHsQc+Kh1q8vn6OLT9Q==
